// !$*UTF8*$!
{
	archiveVersion = 1;
	classes = {
	};
	objectVersion = 50;
	objects = {

/* Begin PBXBuildFile section */
		585A23D926DD6C5300DEE233 /* MonsterList.swift in Sources */ = {isa = PBXBuildFile; fileRef = 585A23D826DD6C5300DEE233 /* MonsterList.swift */; };
		585A23DB26DD740400DEE233 /* BossRow.swift in Sources */ = {isa = PBXBuildFile; fileRef = 585A23DA26DD740400DEE233 /* BossRow.swift */; };
		585A23DD26DD7E6700DEE233 /* ItemsList.swift in Sources */ = {isa = PBXBuildFile; fileRef = 585A23DC26DD7E6700DEE233 /* ItemsList.swift */; };
		585A23DF26DD7F1500DEE233 /* Item.swift in Sources */ = {isa = PBXBuildFile; fileRef = 585A23DE26DD7F1500DEE233 /* Item.swift */; };
		588113AA26E75EDF0066B6E4 /* huanjing_data.json in Resources */ = {isa = PBXBuildFile; fileRef = 5881135026E75EDF0066B6E4 /* huanjing_data.json */; };
		588113AB26E75EDF0066B6E4 /* zqlb_data.json in Resources */ = {isa = PBXBuildFile; fileRef = 5881135126E75EDF0066B6E4 /* zqlb_data.json */; };
		588113AC26E75EDF0066B6E4 /* unfindmap.json in Resources */ = {isa = PBXBuildFile; fileRef = 5881135226E75EDF0066B6E4 /* unfindmap.json */; };
		588113AD26E75EDF0066B6E4 /* shenlu_data.json in Resources */ = {isa = PBXBuildFile; fileRef = 5881135326E75EDF0066B6E4 /* shenlu_data.json */; };
		588113AE26E75EDF0066B6E4 /* gene_data.json in Resources */ = {isa = PBXBuildFile; fileRef = 5881135426E75EDF0066B6E4 /* gene_data.json */; };
		588113AF26E75EDF0066B6E4 /* headtitile_data.json in Resources */ = {isa = PBXBuildFile; fileRef = 5881135526E75EDF0066B6E4 /* headtitile_data.json */; };
		588113B026E75EDF0066B6E4 /* equipforge_data.json in Resources */ = {isa = PBXBuildFile; fileRef = 5881135626E75EDF0066B6E4 /* equipforge_data.json */; };
		588113B126E75EDF0066B6E4 /* huoyue_data.json in Resources */ = {isa = PBXBuildFile; fileRef = 5881135726E75EDF0066B6E4 /* huoyue_data.json */; };
		588113B226E75EDF0066B6E4 /* czlj_data.json in Resources */ = {isa = PBXBuildFile; fileRef = 5881135826E75EDF0066B6E4 /* czlj_data.json */; };
		588113B326E75EDF0066B6E4 /* xilian_data.json in Resources */ = {isa = PBXBuildFile; fileRef = 5881135926E75EDF0066B6E4 /* xilian_data.json */; };
		588113B426E75EDF0066B6E4 /* bestronger_data.json in Resources */ = {isa = PBXBuildFile; fileRef = 5881135A26E75EDF0066B6E4 /* bestronger_data.json */; };
		588113B526E75EDF0066B6E4 /* jieridrop_data.json in Resources */ = {isa = PBXBuildFile; fileRef = 5881135B26E75EDF0066B6E4 /* jieridrop_data.json */; };
		588113B626E75EDF0066B6E4 /* monstermap_data.json in Resources */ = {isa = PBXBuildFile; fileRef = 5881135C26E75EDF0066B6E4 /* monstermap_data.json */; };
		588113B726E75EDF0066B6E4 /* alleqp_eff_data.json in Resources */ = {isa = PBXBuildFile; fileRef = 5881135D26E75EDF0066B6E4 /* alleqp_eff_data.json */; };
		588113B826E75EDF0066B6E4 /* npc_data.json in Resources */ = {isa = PBXBuildFile; fileRef = 5881135E26E75EDF0066B6E4 /* npc_data.json */; };
		588113B926E75EDF0066B6E4 /* force_guide_data.json in Resources */ = {isa = PBXBuildFile; fileRef = 5881135F26E75EDF0066B6E4 /* force_guide_data.json */; };
		588113BA26E75EDF0066B6E4 /* activitygift_data.json in Resources */ = {isa = PBXBuildFile; fileRef = 5881136026E75EDF0066B6E4 /* activitygift_data.json */; };
		588113BB26E75EDF0066B6E4 /* maps_data.json in Resources */ = {isa = PBXBuildFile; fileRef = 5881136126E75EDF0066B6E4 /* maps_data.json */; };
		588113BC26E75EDF0066B6E4 /* loot_data.json in Resources */ = {isa = PBXBuildFile; fileRef = 5881136226E75EDF0066B6E4 /* loot_data.json */; };
		588113BD26E75EDF0066B6E4 /* wanfa_data.json in Resources */ = {isa = PBXBuildFile; fileRef = 5881136326E75EDF0066B6E4 /* wanfa_data.json */; };
		588113BE26E75EDF0066B6E4 /* mrboss_data.json in Resources */ = {isa = PBXBuildFile; fileRef = 5881136426E75EDF0066B6E4 /* mrboss_data.json */; };
		588113BF26E75EDF0066B6E4 /* gnhd_data.json in Resources */ = {isa = PBXBuildFile; fileRef = 5881136526E75EDF0066B6E4 /* gnhd_data.json */; };
		588113C026E75EDF0066B6E4 /* role_data.json in Resources */ = {isa = PBXBuildFile; fileRef = 5881136626E75EDF0066B6E4 /* role_data.json */; };
		588113C126E75EDF0066B6E4 /* dog_data.json in Resources */ = {isa = PBXBuildFile; fileRef = 5881136726E75EDF0066B6E4 /* dog_data.json */; };
		588113C226E75EDF0066B6E4 /* slgg_data.json in Resources */ = {isa = PBXBuildFile; fileRef = 5881136826E75EDF0066B6E4 /* slgg_data.json */; };
		588113C326E75EDF0066B6E4 /* lhd_data.json in Resources */ = {isa = PBXBuildFile; fileRef = 5881136926E75EDF0066B6E4 /* lhd_data.json */; };
		588113C426E75EDF0066B6E4 /* frame_data.json in Resources */ = {isa = PBXBuildFile; fileRef = 5881136A26E75EDF0066B6E4 /* frame_data.json */; };
		588113C526E75EDF0066B6E4 /* hefu_data.json in Resources */ = {isa = PBXBuildFile; fileRef = 5881136B26E75EDF0066B6E4 /* hefu_data.json */; };
		588113C626E75EDF0066B6E4 /* suits_data.json in Resources */ = {isa = PBXBuildFile; fileRef = 5881136C26E75EDF0066B6E4 /* suits_data.json */; };
		588113C726E75EDF0066B6E4 /* remains_data.json in Resources */ = {isa = PBXBuildFile; fileRef = 5881136D26E75EDF0066B6E4 /* remains_data.json */; };
		588113C826E75EDF0066B6E4 /* vipreturn_data.json in Resources */ = {isa = PBXBuildFile; fileRef = 5881136E26E75EDF0066B6E4 /* vipreturn_data.json */; };
		588113C926E75EDF0066B6E4 /* offline_exp_data.json in Resources */ = {isa = PBXBuildFile; fileRef = 5881136F26E75EDF0066B6E4 /* offline_exp_data.json */; };
		588113CA26E75EDF0066B6E4 /* wings_data.json in Resources */ = {isa = PBXBuildFile; fileRef = 5881137026E75EDF0066B6E4 /* wings_data.json */; };
		588113CB26E75EDF0066B6E4 /* attribute_data.json in Resources */ = {isa = PBXBuildFile; fileRef = 5881137126E75EDF0066B6E4 /* attribute_data.json */; };
		588113CC26E75EDF0066B6E4 /* event_data.json in Resources */ = {isa = PBXBuildFile; fileRef = 5881137226E75EDF0066B6E4 /* event_data.json */; };
		588113CD26E75EDF0066B6E4 /* bossScore_data.json in Resources */ = {isa = PBXBuildFile; fileRef = 5881137326E75EDF0066B6E4 /* bossScore_data.json */; };
		588113CE26E75EDF0066B6E4 /* item_data.json in Resources */ = {isa = PBXBuildFile; fileRef = 5881137426E75EDF0066B6E4 /* item_data.json */; };
		588113CF26E75EDF0066B6E4 /* zhanshen_data.json in Resources */ = {isa = PBXBuildFile; fileRef = 5881137526E75EDF0066B6E4 /* zhanshen_data.json */; };
		588113D026E75EDF0066B6E4 /* shops_data.json in Resources */ = {isa = PBXBuildFile; fileRef = 5881137626E75EDF0066B6E4 /* shops_data.json */; };
		588113D126E75EDF0066B6E4 /* item_attr_add_data.json in Resources */ = {isa = PBXBuildFile; fileRef = 5881137726E75EDF0066B6E4 /* item_attr_add_data.json */; };
		588113D226E75EDF0066B6E4 /* ui_data.json in Resources */ = {isa = PBXBuildFile; fileRef = 5881137826E75EDF0066B6E4 /* ui_data.json */; };
		588113D326E75EDF0066B6E4 /* giftpacks_data.json in Resources */ = {isa = PBXBuildFile; fileRef = 5881137926E75EDF0066B6E4 /* giftpacks_data.json */; };
		588113D426E75EDF0066B6E4 /* mapview_data.json in Resources */ = {isa = PBXBuildFile; fileRef = 5881137A26E75EDF0066B6E4 /* mapview_data.json */; };
		588113D526E75EDF0066B6E4 /* vip_data.json in Resources */ = {isa = PBXBuildFile; fileRef = 5881137B26E75EDF0066B6E4 /* vip_data.json */; };
		588113D626E75EDF0066B6E4 /* wings_data_ex.json in Resources */ = {isa = PBXBuildFile; fileRef = 5881137C26E75EDF0066B6E4 /* wings_data_ex.json */; };
		588113D726E75EDF0066B6E4 /* item_data_ex.json in Resources */ = {isa = PBXBuildFile; fileRef = 5881137D26E75EDF0066B6E4 /* item_data_ex.json */; };
		588113D826E75EDF0066B6E4 /* equiptips_data.json in Resources */ = {isa = PBXBuildFile; fileRef = 5881137E26E75EDF0066B6E4 /* equiptips_data.json */; };
		588113D926E75EDF0066B6E4 /* global_config.json in Resources */ = {isa = PBXBuildFile; fileRef = 5881137F26E75EDF0066B6E4 /* global_config.json */; };
		588113DA26E75EDF0066B6E4 /* robot.json in Resources */ = {isa = PBXBuildFile; fileRef = 5881138026E75EDF0066B6E4 /* robot.json */; };
		588113DB26E75EDF0066B6E4 /* level_data.json in Resources */ = {isa = PBXBuildFile; fileRef = 5881138126E75EDF0066B6E4 /* level_data.json */; };
		588113DC26E75EDF0066B6E4 /* guide_data.json in Resources */ = {isa = PBXBuildFile; fileRef = 5881138226E75EDF0066B6E4 /* guide_data.json */; };
		588113DD26E75EDF0066B6E4 /* guaji_data.json in Resources */ = {isa = PBXBuildFile; fileRef = 5881138326E75EDF0066B6E4 /* guaji_data.json */; };
		588113DE26E75EDF0066B6E4 /* giftpackschoose_data.json in Resources */ = {isa = PBXBuildFile; fileRef = 5881138426E75EDF0066B6E4 /* giftpackschoose_data.json */; };
		588113DF26E75EDF0066B6E4 /* preview_eff_data.json in Resources */ = {isa = PBXBuildFile; fileRef = 5881138526E75EDF0066B6E4 /* preview_eff_data.json */; };
		588113E026E75EDF0066B6E4 /* top_attr_data.json in Resources */ = {isa = PBXBuildFile; fileRef = 5881138626E75EDF0066B6E4 /* top_attr_data.json */; };
		588113E126E75EDF0066B6E4 /* zhanling_data.json in Resources */ = {isa = PBXBuildFile; fileRef = 5881138726E75EDF0066B6E4 /* zhanling_data.json */; };
		588113E226E75EDF0066B6E4 /* tips_data.json in Resources */ = {isa = PBXBuildFile; fileRef = 5881138826E75EDF0066B6E4 /* tips_data.json */; };
		588113E326E75EDF0066B6E4 /* czlc_data.json in Resources */ = {isa = PBXBuildFile; fileRef = 5881138926E75EDF0066B6E4 /* czlc_data.json */; };
		588113E426E75EDF0066B6E4 /* raveparty_data.json in Resources */ = {isa = PBXBuildFile; fileRef = 5881138A26E75EDF0066B6E4 /* raveparty_data.json */; };
		588113E526E75EDF0066B6E4 /* exercise_data.json in Resources */ = {isa = PBXBuildFile; fileRef = 5881138B26E75EDF0066B6E4 /* exercise_data.json */; };
		588113E626E75EDF0066B6E4 /* redpoint_data.json in Resources */ = {isa = PBXBuildFile; fileRef = 5881138C26E75EDF0066B6E4 /* redpoint_data.json */; };
		588113E726E75EDF0066B6E4 /* sell_data.json in Resources */ = {isa = PBXBuildFile; fileRef = 5881138D26E75EDF0066B6E4 /* sell_data.json */; };
		588113E826E75EDF0066B6E4 /* tejieshendian_data.json in Resources */ = {isa = PBXBuildFile; fileRef = 5881138E26E75EDF0066B6E4 /* tejieshendian_data.json */; };
		588113E926E75EDF0066B6E4 /* language_data.json in Resources */ = {isa = PBXBuildFile; fileRef = 5881138F26E75EDF0066B6E4 /* language_data.json */; };
		588113EA26E75EDF0066B6E4 /* quest_data.json in Resources */ = {isa = PBXBuildFile; fileRef = 5881139026E75EDF0066B6E4 /* quest_data.json */; };
		588113EB26E75EDF0066B6E4 /* rewardex_data.json in Resources */ = {isa = PBXBuildFile; fileRef = 5881139126E75EDF0066B6E4 /* rewardex_data.json */; };
		588113EC26E75EDF0066B6E4 /* recycle_set_data.json in Resources */ = {isa = PBXBuildFile; fileRef = 5881139226E75EDF0066B6E4 /* recycle_set_data.json */; };
		588113ED26E75EDF0066B6E4 /* samsara_data.json in Resources */ = {isa = PBXBuildFile; fileRef = 5881139326E75EDF0066B6E4 /* samsara_data.json */; };
		588113EE26E75EDF0066B6E4 /* wakuang_data.json in Resources */ = {isa = PBXBuildFile; fileRef = 5881139426E75EDF0066B6E4 /* wakuang_data.json */; };
		588113EF26E75EDF0066B6E4 /* skill_data.json in Resources */ = {isa = PBXBuildFile; fileRef = 5881139526E75EDF0066B6E4 /* skill_data.json */; };
		588113F026E75EDF0066B6E4 /* holiday_data.json in Resources */ = {isa = PBXBuildFile; fileRef = 5881139626E75EDF0066B6E4 /* holiday_data.json */; };
		588113F126E75EDF0066B6E4 /* skill_rune_data.json in Resources */ = {isa = PBXBuildFile; fileRef = 5881139726E75EDF0066B6E4 /* skill_rune_data.json */; };
		588113F226E75EDF0066B6E4 /* openfunc_data.json in Resources */ = {isa = PBXBuildFile; fileRef = 5881139826E75EDF0066B6E4 /* openfunc_data.json */; };
		588113F326E75EDF0066B6E4 /* special_ring_data.json in Resources */ = {isa = PBXBuildFile; fileRef = 5881139926E75EDF0066B6E4 /* special_ring_data.json */; };
		588113F426E75EDF0066B6E4 /* systeminfo.json in Resources */ = {isa = PBXBuildFile; fileRef = 5881139A26E75EDF0066B6E4 /* systeminfo.json */; };
		588113F526E75EDF0066B6E4 /* achievement_data.json in Resources */ = {isa = PBXBuildFile; fileRef = 5881139B26E75EDF0066B6E4 /* achievement_data.json */; };
		588113F626E75EDF0066B6E4 /* yuansushendian_data.json in Resources */ = {isa = PBXBuildFile; fileRef = 5881139C26E75EDF0066B6E4 /* yuansushendian_data.json */; };
		588113F726E75EDF0066B6E4 /* bable_data.json in Resources */ = {isa = PBXBuildFile; fileRef = 5881139D26E75EDF0066B6E4 /* bable_data.json */; };
		588113F826E75EDF0066B6E4 /* privilege_data.json in Resources */ = {isa = PBXBuildFile; fileRef = 5881139E26E75EDF0066B6E4 /* privilege_data.json */; };
		588113F926E75EDF0066B6E4 /* offline_rwd_data.json in Resources */ = {isa = PBXBuildFile; fileRef = 5881139F26E75EDF0066B6E4 /* offline_rwd_data.json */; };
		588113FA26E75EDF0066B6E4 /* skill_player.json in Resources */ = {isa = PBXBuildFile; fileRef = 588113A026E75EDF0066B6E4 /* skill_player.json */; };
		588113FB26E75EDF0066B6E4 /* help_data.json in Resources */ = {isa = PBXBuildFile; fileRef = 588113A126E75EDF0066B6E4 /* help_data.json */; };
		588113FC26E75EDF0066B6E4 /* quest_data_ex.json in Resources */ = {isa = PBXBuildFile; fileRef = 588113A226E75EDF0066B6E4 /* quest_data_ex.json */; };
		588113FD26E75EDF0066B6E4 /* name_data.json in Resources */ = {isa = PBXBuildFile; fileRef = 588113A326E75EDF0066B6E4 /* name_data.json */; };
		588113FE26E75EDF0066B6E4 /* monster_data.json in Resources */ = {isa = PBXBuildFile; fileRef = 588113A426E75EDF0066B6E4 /* monster_data.json */; };
		588113FF26E75EDF0066B6E4 /* ftchongzhi_data.json in Resources */ = {isa = PBXBuildFile; fileRef = 588113A526E75EDF0066B6E4 /* ftchongzhi_data.json */; };
		5881140026E75EDF0066B6E4 /* xszg_data.json in Resources */ = {isa = PBXBuildFile; fileRef = 588113A626E75EDF0066B6E4 /* xszg_data.json */; };
		5881140126E75EDF0066B6E4 /* chengzhang_data.json in Resources */ = {isa = PBXBuildFile; fileRef = 588113A726E75EDF0066B6E4 /* chengzhang_data.json */; };
		5881140226E75EDF0066B6E4 /* guild_data.json in Resources */ = {isa = PBXBuildFile; fileRef = 588113A826E75EDF0066B6E4 /* guild_data.json */; };
		5881140326E75EDF0066B6E4 /* tyqb_data.json in Resources */ = {isa = PBXBuildFile; fileRef = 588113A926E75EDF0066B6E4 /* tyqb_data.json */; };
		5882CADD26DBC0A70055B00B /* gridhero_wikiApp.swift in Sources */ = {isa = PBXBuildFile; fileRef = 5882CADC26DBC0A70055B00B /* gridhero_wikiApp.swift */; };
		5882CADF26DBC0A70055B00B /* ContentView.swift in Sources */ = {isa = PBXBuildFile; fileRef = 5882CADE26DBC0A70055B00B /* ContentView.swift */; };
		5882CAE126DBC0AB0055B00B /* Assets.xcassets in Resources */ = {isa = PBXBuildFile; fileRef = 5882CAE026DBC0AB0055B00B /* Assets.xcassets */; };
		5882CAE426DBC0AB0055B00B /* Preview Assets.xcassets in Resources */ = {isa = PBXBuildFile; fileRef = 5882CAE326DBC0AB0055B00B /* Preview Assets.xcassets */; };
		5882CAEF26DBC1B30055B00B /* BossList.swift in Sources */ = {isa = PBXBuildFile; fileRef = 5882CAEE26DBC1B30055B00B /* BossList.swift */; };
		5882CAF126DBC2A70055B00B /* ItemList.swift in Sources */ = {isa = PBXBuildFile; fileRef = 5882CAF026DBC2A70055B00B /* ItemList.swift */; };
		5882CAF426DBC3DE0055B00B /* MonsterListViewModel.swift in Sources */ = {isa = PBXBuildFile; fileRef = 5882CAF326DBC3DE0055B00B /* MonsterListViewModel.swift */; };
		5882CAF626DBC4CE0055B00B /* Monster.swift in Sources */ = {isa = PBXBuildFile; fileRef = 5882CAF526DBC4CE0055B00B /* Monster.swift */; };
		5882CAF826DBC53F0055B00B /* Global.swift in Sources */ = {isa = PBXBuildFile; fileRef = 5882CAF726DBC53F0055B00B /* Global.swift */; };
		5882CAFA26DBC5590055B00B /* Loot.swift in Sources */ = {isa = PBXBuildFile; fileRef = 5882CAF926DBC5590055B00B /* Loot.swift */; };
		5882D4B926DBCB710055B00B /* MonsterRow.swift in Sources */ = {isa = PBXBuildFile; fileRef = 5882D4B826DBCB710055B00B /* MonsterRow.swift */; };
		5882D4BB26DBCD4A0055B00B /* SearchBar.swift in Sources */ = {isa = PBXBuildFile; fileRef = 5882D4BA26DBCD4A0055B00B /* SearchBar.swift */; };
		5882D4BD26DBCF350055B00B /* MonsterDetail.swift in Sources */ = {isa = PBXBuildFile; fileRef = 5882D4BC26DBCF350055B00B /* MonsterDetail.swift */; };
		5882D4BF26DBCFF90055B00B /* MonsterDetailViewModel.swift in Sources */ = {isa = PBXBuildFile; fileRef = 5882D4BE26DBCFF90055B00B /* MonsterDetailViewModel.swift */; };
		5882D4C226DBD69F0055B00B /* LootRow.swift in Sources */ = {isa = PBXBuildFile; fileRef = 5882D4C126DBD69F0055B00B /* LootRow.swift */; };
/* End PBXBuildFile section */

/* Begin PBXFileReference section */
		585A23D826DD6C5300DEE233 /* MonsterList.swift */ = {isa = PBXFileReference; lastKnownFileType = sourcecode.swift; path = MonsterList.swift; sourceTree = "<group>"; };
		585A23DA26DD740400DEE233 /* BossRow.swift */ = {isa = PBXFileReference; lastKnownFileType = sourcecode.swift; path = BossRow.swift; sourceTree = "<group>"; };
		585A23DC26DD7E6700DEE233 /* ItemsList.swift */ = {isa = PBXFileReference; lastKnownFileType = sourcecode.swift; path = ItemsList.swift; sourceTree = "<group>"; };
		585A23DE26DD7F1500DEE233 /* Item.swift */ = {isa = PBXFileReference; lastKnownFileType = sourcecode.swift; path = Item.swift; sourceTree = "<group>"; };
		5881135026E75EDF0066B6E4 /* huanjing_data.json */ = {isa = PBXFileReference; fileEncoding = 4; lastKnownFileType = text.json; path = huanjing_data.json; sourceTree = "<group>"; };
		5881135126E75EDF0066B6E4 /* zqlb_data.json */ = {isa = PBXFileReference; fileEncoding = 4; lastKnownFileType = text.json; path = zqlb_data.json; sourceTree = "<group>"; };
		5881135226E75EDF0066B6E4 /* unfindmap.json */ = {isa = PBXFileReference; fileEncoding = 4; lastKnownFileType = text.json; path = unfindmap.json; sourceTree = "<group>"; };
		5881135326E75EDF0066B6E4 /* shenlu_data.json */ = {isa = PBXFileReference; fileEncoding = 4; lastKnownFileType = text.json; path = shenlu_data.json; sourceTree = "<group>"; };
		5881135426E75EDF0066B6E4 /* gene_data.json */ = {isa = PBXFileReference; fileEncoding = 4; lastKnownFileType = text.json; path = gene_data.json; sourceTree = "<group>"; };
		5881135526E75EDF0066B6E4 /* headtitile_data.json */ = {isa = PBXFileReference; fileEncoding = 4; lastKnownFileType = text.json; path = headtitile_data.json; sourceTree = "<group>"; };
		5881135626E75EDF0066B6E4 /* equipforge_data.json */ = {isa = PBXFileReference; fileEncoding = 4; lastKnownFileType = text.json; path = equipforge_data.json; sourceTree = "<group>"; };
		5881135726E75EDF0066B6E4 /* huoyue_data.json */ = {isa = PBXFileReference; fileEncoding = 4; lastKnownFileType = text.json; path = huoyue_data.json; sourceTree = "<group>"; };
		5881135826E75EDF0066B6E4 /* czlj_data.json */ = {isa = PBXFileReference; fileEncoding = 4; lastKnownFileType = text.json; path = czlj_data.json; sourceTree = "<group>"; };
		5881135926E75EDF0066B6E4 /* xilian_data.json */ = {isa = PBXFileReference; fileEncoding = 4; lastKnownFileType = text.json; path = xilian_data.json; sourceTree = "<group>"; };
		5881135A26E75EDF0066B6E4 /* bestronger_data.json */ = {isa = PBXFileReference; fileEncoding = 4; lastKnownFileType = text.json; path = bestronger_data.json; sourceTree = "<group>"; };
		5881135B26E75EDF0066B6E4 /* jieridrop_data.json */ = {isa = PBXFileReference; fileEncoding = 4; lastKnownFileType = text.json; path = jieridrop_data.json; sourceTree = "<group>"; };
		5881135C26E75EDF0066B6E4 /* monstermap_data.json */ = {isa = PBXFileReference; fileEncoding = 4; lastKnownFileType = text.json; path = monstermap_data.json; sourceTree = "<group>"; };
		5881135D26E75EDF0066B6E4 /* alleqp_eff_data.json */ = {isa = PBXFileReference; fileEncoding = 4; lastKnownFileType = text.json; path = alleqp_eff_data.json; sourceTree = "<group>"; };
		5881135E26E75EDF0066B6E4 /* npc_data.json */ = {isa = PBXFileReference; fileEncoding = 4; lastKnownFileType = text.json; path = npc_data.json; sourceTree = "<group>"; };
		5881135F26E75EDF0066B6E4 /* force_guide_data.json */ = {isa = PBXFileReference; fileEncoding = 4; lastKnownFileType = text.json; path = force_guide_data.json; sourceTree = "<group>"; };
		5881136026E75EDF0066B6E4 /* activitygift_data.json */ = {isa = PBXFileReference; fileEncoding = 4; lastKnownFileType = text.json; path = activitygift_data.json; sourceTree = "<group>"; };
		5881136126E75EDF0066B6E4 /* maps_data.json */ = {isa = PBXFileReference; fileEncoding = 4; lastKnownFileType = text.json; path = maps_data.json; sourceTree = "<group>"; };
		5881136226E75EDF0066B6E4 /* loot_data.json */ = {isa = PBXFileReference; fileEncoding = 4; lastKnownFileType = text.json; path = loot_data.json; sourceTree = "<group>"; };
		5881136326E75EDF0066B6E4 /* wanfa_data.json */ = {isa = PBXFileReference; fileEncoding = 4; lastKnownFileType = text.json; path = wanfa_data.json; sourceTree = "<group>"; };
		5881136426E75EDF0066B6E4 /* mrboss_data.json */ = {isa = PBXFileReference; fileEncoding = 4; lastKnownFileType = text.json; path = mrboss_data.json; sourceTree = "<group>"; };
		5881136526E75EDF0066B6E4 /* gnhd_data.json */ = {isa = PBXFileReference; fileEncoding = 4; lastKnownFileType = text.json; path = gnhd_data.json; sourceTree = "<group>"; };
		5881136626E75EDF0066B6E4 /* role_data.json */ = {isa = PBXFileReference; fileEncoding = 4; lastKnownFileType = text.json; path = role_data.json; sourceTree = "<group>"; };
		5881136726E75EDF0066B6E4 /* dog_data.json */ = {isa = PBXFileReference; fileEncoding = 4; lastKnownFileType = text.json; path = dog_data.json; sourceTree = "<group>"; };
		5881136826E75EDF0066B6E4 /* slgg_data.json */ = {isa = PBXFileReference; fileEncoding = 4; lastKnownFileType = text.json; path = slgg_data.json; sourceTree = "<group>"; };
		5881136926E75EDF0066B6E4 /* lhd_data.json */ = {isa = PBXFileReference; fileEncoding = 4; lastKnownFileType = text.json; path = lhd_data.json; sourceTree = "<group>"; };
		5881136A26E75EDF0066B6E4 /* frame_data.json */ = {isa = PBXFileReference; fileEncoding = 4; lastKnownFileType = text.json; path = frame_data.json; sourceTree = "<group>"; };
		5881136B26E75EDF0066B6E4 /* hefu_data.json */ = {isa = PBXFileReference; fileEncoding = 4; lastKnownFileType = text.json; path = hefu_data.json; sourceTree = "<group>"; };
		5881136C26E75EDF0066B6E4 /* suits_data.json */ = {isa = PBXFileReference; fileEncoding = 4; lastKnownFileType = text.json; path = suits_data.json; sourceTree = "<group>"; };
		5881136D26E75EDF0066B6E4 /* remains_data.json */ = {isa = PBXFileReference; fileEncoding = 4; lastKnownFileType = text.json; path = remains_data.json; sourceTree = "<group>"; };
		5881136E26E75EDF0066B6E4 /* vipreturn_data.json */ = {isa = PBXFileReference; fileEncoding = 4; lastKnownFileType = text.json; path = vipreturn_data.json; sourceTree = "<group>"; };
		5881136F26E75EDF0066B6E4 /* offline_exp_data.json */ = {isa = PBXFileReference; fileEncoding = 4; lastKnownFileType = text.json; path = offline_exp_data.json; sourceTree = "<group>"; };
		5881137026E75EDF0066B6E4 /* wings_data.json */ = {isa = PBXFileReference; fileEncoding = 4; lastKnownFileType = text.json; path = wings_data.json; sourceTree = "<group>"; };
		5881137126E75EDF0066B6E4 /* attribute_data.json */ = {isa = PBXFileReference; fileEncoding = 4; lastKnownFileType = text.json; path = attribute_data.json; sourceTree = "<group>"; };
		5881137226E75EDF0066B6E4 /* event_data.json */ = {isa = PBXFileReference; fileEncoding = 4; lastKnownFileType = text.json; path = event_data.json; sourceTree = "<group>"; };
		5881137326E75EDF0066B6E4 /* bossScore_data.json */ = {isa = PBXFileReference; fileEncoding = 4; lastKnownFileType = text.json; path = bossScore_data.json; sourceTree = "<group>"; };
		5881137426E75EDF0066B6E4 /* item_data.json */ = {isa = PBXFileReference; fileEncoding = 4; lastKnownFileType = text.json; path = item_data.json; sourceTree = "<group>"; };
		5881137526E75EDF0066B6E4 /* zhanshen_data.json */ = {isa = PBXFileReference; fileEncoding = 4; lastKnownFileType = text.json; path = zhanshen_data.json; sourceTree = "<group>"; };
		5881137626E75EDF0066B6E4 /* shops_data.json */ = {isa = PBXFileReference; fileEncoding = 4; lastKnownFileType = text.json; path = shops_data.json; sourceTree = "<group>"; };
		5881137726E75EDF0066B6E4 /* item_attr_add_data.json */ = {isa = PBXFileReference; fileEncoding = 4; lastKnownFileType = text.json; path = item_attr_add_data.json; sourceTree = "<group>"; };
		5881137826E75EDF0066B6E4 /* ui_data.json */ = {isa = PBXFileReference; fileEncoding = 4; lastKnownFileType = text.json; path = ui_data.json; sourceTree = "<group>"; };
		5881137926E75EDF0066B6E4 /* giftpacks_data.json */ = {isa = PBXFileReference; fileEncoding = 4; lastKnownFileType = text.json; path = giftpacks_data.json; sourceTree = "<group>"; };
		5881137A26E75EDF0066B6E4 /* mapview_data.json */ = {isa = PBXFileReference; fileEncoding = 4; lastKnownFileType = text.json; path = mapview_data.json; sourceTree = "<group>"; };
		5881137B26E75EDF0066B6E4 /* vip_data.json */ = {isa = PBXFileReference; fileEncoding = 4; lastKnownFileType = text.json; path = vip_data.json; sourceTree = "<group>"; };
		5881137C26E75EDF0066B6E4 /* wings_data_ex.json */ = {isa = PBXFileReference; fileEncoding = 4; lastKnownFileType = text.json; path = wings_data_ex.json; sourceTree = "<group>"; };
		5881137D26E75EDF0066B6E4 /* item_data_ex.json */ = {isa = PBXFileReference; fileEncoding = 4; lastKnownFileType = text.json; path = item_data_ex.json; sourceTree = "<group>"; };
		5881137E26E75EDF0066B6E4 /* equiptips_data.json */ = {isa = PBXFileReference; fileEncoding = 4; lastKnownFileType = text.json; path = equiptips_data.json; sourceTree = "<group>"; };
		5881137F26E75EDF0066B6E4 /* global_config.json */ = {isa = PBXFileReference; fileEncoding = 4; lastKnownFileType = text.json; path = global_config.json; sourceTree = "<group>"; };
		5881138026E75EDF0066B6E4 /* robot.json */ = {isa = PBXFileReference; fileEncoding = 4; lastKnownFileType = text.json; path = robot.json; sourceTree = "<group>"; };
		5881138126E75EDF0066B6E4 /* level_data.json */ = {isa = PBXFileReference; fileEncoding = 4; lastKnownFileType = text.json; path = level_data.json; sourceTree = "<group>"; };
		5881138226E75EDF0066B6E4 /* guide_data.json */ = {isa = PBXFileReference; fileEncoding = 4; lastKnownFileType = text.json; path = guide_data.json; sourceTree = "<group>"; };
		5881138326E75EDF0066B6E4 /* guaji_data.json */ = {isa = PBXFileReference; fileEncoding = 4; lastKnownFileType = text.json; path = guaji_data.json; sourceTree = "<group>"; };
		5881138426E75EDF0066B6E4 /* giftpackschoose_data.json */ = {isa = PBXFileReference; fileEncoding = 4; lastKnownFileType = text.json; path = giftpackschoose_data.json; sourceTree = "<group>"; };
		5881138526E75EDF0066B6E4 /* preview_eff_data.json */ = {isa = PBXFileReference; fileEncoding = 4; lastKnownFileType = text.json; path = preview_eff_data.json; sourceTree = "<group>"; };
		5881138626E75EDF0066B6E4 /* top_attr_data.json */ = {isa = PBXFileReference; fileEncoding = 4; lastKnownFileType = text.json; path = top_attr_data.json; sourceTree = "<group>"; };
		5881138726E75EDF0066B6E4 /* zhanling_data.json */ = {isa = PBXFileReference; fileEncoding = 4; lastKnownFileType = text.json; path = zhanling_data.json; sourceTree = "<group>"; };
		5881138826E75EDF0066B6E4 /* tips_data.json */ = {isa = PBXFileReference; fileEncoding = 4; lastKnownFileType = text.json; path = tips_data.json; sourceTree = "<group>"; };
		5881138926E75EDF0066B6E4 /* czlc_data.json */ = {isa = PBXFileReference; fileEncoding = 4; lastKnownFileType = text.json; path = czlc_data.json; sourceTree = "<group>"; };
		5881138A26E75EDF0066B6E4 /* raveparty_data.json */ = {isa = PBXFileReference; fileEncoding = 4; lastKnownFileType = text.json; path = raveparty_data.json; sourceTree = "<group>"; };
		5881138B26E75EDF0066B6E4 /* exercise_data.json */ = {isa = PBXFileReference; fileEncoding = 4; lastKnownFileType = text.json; path = exercise_data.json; sourceTree = "<group>"; };
		5881138C26E75EDF0066B6E4 /* redpoint_data.json */ = {isa = PBXFileReference; fileEncoding = 4; lastKnownFileType = text.json; path = redpoint_data.json; sourceTree = "<group>"; };
		5881138D26E75EDF0066B6E4 /* sell_data.json */ = {isa = PBXFileReference; fileEncoding = 4; lastKnownFileType = text.json; path = sell_data.json; sourceTree = "<group>"; };
		5881138E26E75EDF0066B6E4 /* tejieshendian_data.json */ = {isa = PBXFileReference; fileEncoding = 4; lastKnownFileType = text.json; path = tejieshendian_data.json; sourceTree = "<group>"; };
		5881138F26E75EDF0066B6E4 /* language_data.json */ = {isa = PBXFileReference; fileEncoding = 4; lastKnownFileType = text.json; path = language_data.json; sourceTree = "<group>"; };
		5881139026E75EDF0066B6E4 /* quest_data.json */ = {isa = PBXFileReference; fileEncoding = 4; lastKnownFileType = text.json; path = quest_data.json; sourceTree = "<group>"; };
		5881139126E75EDF0066B6E4 /* rewardex_data.json */ = {isa = PBXFileReference; fileEncoding = 4; lastKnownFileType = text.json; path = rewardex_data.json; sourceTree = "<group>"; };
		5881139226E75EDF0066B6E4 /* recycle_set_data.json */ = {isa = PBXFileReference; fileEncoding = 4; lastKnownFileType = text.json; path = recycle_set_data.json; sourceTree = "<group>"; };
		5881139326E75EDF0066B6E4 /* samsara_data.json */ = {isa = PBXFileReference; fileEncoding = 4; lastKnownFileType = text.json; path = samsara_data.json; sourceTree = "<group>"; };
		5881139426E75EDF0066B6E4 /* wakuang_data.json */ = {isa = PBXFileReference; fileEncoding = 4; lastKnownFileType = text.json; path = wakuang_data.json; sourceTree = "<group>"; };
		5881139526E75EDF0066B6E4 /* skill_data.json */ = {isa = PBXFileReference; fileEncoding = 4; lastKnownFileType = text.json; path = skill_data.json; sourceTree = "<group>"; };
		5881139626E75EDF0066B6E4 /* holiday_data.json */ = {isa = PBXFileReference; fileEncoding = 4; lastKnownFileType = text.json; path = holiday_data.json; sourceTree = "<group>"; };
		5881139726E75EDF0066B6E4 /* skill_rune_data.json */ = {isa = PBXFileReference; fileEncoding = 4; lastKnownFileType = text.json; path = skill_rune_data.json; sourceTree = "<group>"; };
		5881139826E75EDF0066B6E4 /* openfunc_data.json */ = {isa = PBXFileReference; fileEncoding = 4; lastKnownFileType = text.json; path = openfunc_data.json; sourceTree = "<group>"; };
		5881139926E75EDF0066B6E4 /* special_ring_data.json */ = {isa = PBXFileReference; fileEncoding = 4; lastKnownFileType = text.json; path = special_ring_data.json; sourceTree = "<group>"; };
		5881139A26E75EDF0066B6E4 /* systeminfo.json */ = {isa = PBXFileReference; fileEncoding = 4; lastKnownFileType = text.json; path = systeminfo.json; sourceTree = "<group>"; };
		5881139B26E75EDF0066B6E4 /* achievement_data.json */ = {isa = PBXFileReference; fileEncoding = 4; lastKnownFileType = text.json; path = achievement_data.json; sourceTree = "<group>"; };
		5881139C26E75EDF0066B6E4 /* yuansushendian_data.json */ = {isa = PBXFileReference; fileEncoding = 4; lastKnownFileType = text.json; path = yuansushendian_data.json; sourceTree = "<group>"; };
		5881139D26E75EDF0066B6E4 /* bable_data.json */ = {isa = PBXFileReference; fileEncoding = 4; lastKnownFileType = text.json; path = bable_data.json; sourceTree = "<group>"; };
		5881139E26E75EDF0066B6E4 /* privilege_data.json */ = {isa = PBXFileReference; fileEncoding = 4; lastKnownFileType = text.json; path = privilege_data.json; sourceTree = "<group>"; };
		5881139F26E75EDF0066B6E4 /* offline_rwd_data.json */ = {isa = PBXFileReference; fileEncoding = 4; lastKnownFileType = text.json; path = offline_rwd_data.json; sourceTree = "<group>"; };
		588113A026E75EDF0066B6E4 /* skill_player.json */ = {isa = PBXFileReference; fileEncoding = 4; lastKnownFileType = text.json; path = skill_player.json; sourceTree = "<group>"; };
		588113A126E75EDF0066B6E4 /* help_data.json */ = {isa = PBXFileReference; fileEncoding = 4; lastKnownFileType = text.json; path = help_data.json; sourceTree = "<group>"; };
		588113A226E75EDF0066B6E4 /* quest_data_ex.json */ = {isa = PBXFileReference; fileEncoding = 4; lastKnownFileType = text.json; path = quest_data_ex.json; sourceTree = "<group>"; };
		588113A326E75EDF0066B6E4 /* name_data.json */ = {isa = PBXFileReference; fileEncoding = 4; lastKnownFileType = text.json; path = name_data.json; sourceTree = "<group>"; };
		588113A426E75EDF0066B6E4 /* monster_data.json */ = {isa = PBXFileReference; fileEncoding = 4; lastKnownFileType = text.json; path = monster_data.json; sourceTree = "<group>"; };
		588113A526E75EDF0066B6E4 /* ftchongzhi_data.json */ = {isa = PBXFileReference; fileEncoding = 4; lastKnownFileType = text.json; path = ftchongzhi_data.json; sourceTree = "<group>"; };
		588113A626E75EDF0066B6E4 /* xszg_data.json */ = {isa = PBXFileReference; fileEncoding = 4; lastKnownFileType = text.json; path = xszg_data.json; sourceTree = "<group>"; };
		588113A726E75EDF0066B6E4 /* chengzhang_data.json */ = {isa = PBXFileReference; fileEncoding = 4; lastKnownFileType = text.json; path = chengzhang_data.json; sourceTree = "<group>"; };
		588113A826E75EDF0066B6E4 /* guild_data.json */ = {isa = PBXFileReference; fileEncoding = 4; lastKnownFileType = text.json; path = guild_data.json; sourceTree = "<group>"; };
		588113A926E75EDF0066B6E4 /* tyqb_data.json */ = {isa = PBXFileReference; fileEncoding = 4; lastKnownFileType = text.json; path = tyqb_data.json; sourceTree = "<group>"; };
		5882CAD926DBC0A70055B00B /* gridhero_wiki.app */ = {isa = PBXFileReference; explicitFileType = wrapper.application; includeInIndex = 0; path = gridhero_wiki.app; sourceTree = BUILT_PRODUCTS_DIR; };
		5882CADC26DBC0A70055B00B /* gridhero_wikiApp.swift */ = {isa = PBXFileReference; lastKnownFileType = sourcecode.swift; path = gridhero_wikiApp.swift; sourceTree = "<group>"; };
		5882CADE26DBC0A70055B00B /* ContentView.swift */ = {isa = PBXFileReference; lastKnownFileType = sourcecode.swift; path = ContentView.swift; sourceTree = "<group>"; };
		5882CAE026DBC0AB0055B00B /* Assets.xcassets */ = {isa = PBXFileReference; lastKnownFileType = folder.assetcatalog; path = Assets.xcassets; sourceTree = "<group>"; };
		5882CAE326DBC0AB0055B00B /* Preview Assets.xcassets */ = {isa = PBXFileReference; lastKnownFileType = folder.assetcatalog; path = "Preview Assets.xcassets"; sourceTree = "<group>"; };
		5882CAE526DBC0AB0055B00B /* Info.plist */ = {isa = PBXFileReference; lastKnownFileType = text.plist.xml; path = Info.plist; sourceTree = "<group>"; };
		5882CAEE26DBC1B30055B00B /* BossList.swift */ = {isa = PBXFileReference; lastKnownFileType = sourcecode.swift; path = BossList.swift; sourceTree = "<group>"; };
		5882CAF026DBC2A70055B00B /* ItemList.swift */ = {isa = PBXFileReference; lastKnownFileType = sourcecode.swift; path = ItemList.swift; sourceTree = "<group>"; };
		5882CAF326DBC3DE0055B00B /* MonsterListViewModel.swift */ = {isa = PBXFileReference; lastKnownFileType = sourcecode.swift; path = MonsterListViewModel.swift; sourceTree = "<group>"; };
		5882CAF526DBC4CE0055B00B /* Monster.swift */ = {isa = PBXFileReference; lastKnownFileType = sourcecode.swift; path = Monster.swift; sourceTree = "<group>"; };
		5882CAF726DBC53F0055B00B /* Global.swift */ = {isa = PBXFileReference; lastKnownFileType = sourcecode.swift; path = Global.swift; sourceTree = "<group>"; };
		5882CAF926DBC5590055B00B /* Loot.swift */ = {isa = PBXFileReference; lastKnownFileType = sourcecode.swift; path = Loot.swift; sourceTree = "<group>"; };
		5882D4B826DBCB710055B00B /* MonsterRow.swift */ = {isa = PBXFileReference; lastKnownFileType = sourcecode.swift; path = MonsterRow.swift; sourceTree = "<group>"; };
		5882D4BA26DBCD4A0055B00B /* SearchBar.swift */ = {isa = PBXFileReference; lastKnownFileType = sourcecode.swift; path = SearchBar.swift; sourceTree = "<group>"; };
		5882D4BC26DBCF350055B00B /* MonsterDetail.swift */ = {isa = PBXFileReference; lastKnownFileType = sourcecode.swift; path = MonsterDetail.swift; sourceTree = "<group>"; };
		5882D4BE26DBCFF90055B00B /* MonsterDetailViewModel.swift */ = {isa = PBXFileReference; lastKnownFileType = sourcecode.swift; path = MonsterDetailViewModel.swift; sourceTree = "<group>"; };
		5882D4C126DBD69F0055B00B /* LootRow.swift */ = {isa = PBXFileReference; lastKnownFileType = sourcecode.swift; path = LootRow.swift; sourceTree = "<group>"; };
/* End PBXFileReference section */

/* Begin PBXFrameworksBuildPhase section */
		5882CAD626DBC0A70055B00B /* Frameworks */ = {
			isa = PBXFrameworksBuildPhase;
			buildActionMask = 2147483647;
			files = (
			);
			runOnlyForDeploymentPostprocessing = 0;
		};
/* End PBXFrameworksBuildPhase section */

/* Begin PBXGroup section */
		5881134F26E75EDF0066B6E4 /* data */ = {
			isa = PBXGroup;
			children = (
				5881135026E75EDF0066B6E4 /* huanjing_data.json */,
				5881135126E75EDF0066B6E4 /* zqlb_data.json */,
				5881135226E75EDF0066B6E4 /* unfindmap.json */,
				5881135326E75EDF0066B6E4 /* shenlu_data.json */,
				5881135426E75EDF0066B6E4 /* gene_data.json */,
				5881135526E75EDF0066B6E4 /* headtitile_data.json */,
				5881135626E75EDF0066B6E4 /* equipforge_data.json */,
				5881135726E75EDF0066B6E4 /* huoyue_data.json */,
				5881135826E75EDF0066B6E4 /* czlj_data.json */,
				5881135926E75EDF0066B6E4 /* xilian_data.json */,
				5881135A26E75EDF0066B6E4 /* bestronger_data.json */,
				5881135B26E75EDF0066B6E4 /* jieridrop_data.json */,
				5881135C26E75EDF0066B6E4 /* monstermap_data.json */,
				5881135D26E75EDF0066B6E4 /* alleqp_eff_data.json */,
				5881135E26E75EDF0066B6E4 /* npc_data.json */,
				5881135F26E75EDF0066B6E4 /* force_guide_data.json */,
				5881136026E75EDF0066B6E4 /* activitygift_data.json */,
				5881136126E75EDF0066B6E4 /* maps_data.json */,
				5881136226E75EDF0066B6E4 /* loot_data.json */,
				5881136326E75EDF0066B6E4 /* wanfa_data.json */,
				5881136426E75EDF0066B6E4 /* mrboss_data.json */,
				5881136526E75EDF0066B6E4 /* gnhd_data.json */,
				5881136626E75EDF0066B6E4 /* role_data.json */,
				5881136726E75EDF0066B6E4 /* dog_data.json */,
				5881136826E75EDF0066B6E4 /* slgg_data.json */,
				5881136926E75EDF0066B6E4 /* lhd_data.json */,
				5881136A26E75EDF0066B6E4 /* frame_data.json */,
				5881136B26E75EDF0066B6E4 /* hefu_data.json */,
				5881136C26E75EDF0066B6E4 /* suits_data.json */,
				5881136D26E75EDF0066B6E4 /* remains_data.json */,
				5881136E26E75EDF0066B6E4 /* vipreturn_data.json */,
				5881136F26E75EDF0066B6E4 /* offline_exp_data.json */,
				5881137026E75EDF0066B6E4 /* wings_data.json */,
				5881137126E75EDF0066B6E4 /* attribute_data.json */,
				5881137226E75EDF0066B6E4 /* event_data.json */,
				5881137326E75EDF0066B6E4 /* bossScore_data.json */,
				5881137426E75EDF0066B6E4 /* item_data.json */,
				5881137526E75EDF0066B6E4 /* zhanshen_data.json */,
				5881137626E75EDF0066B6E4 /* shops_data.json */,
				5881137726E75EDF0066B6E4 /* item_attr_add_data.json */,
				5881137826E75EDF0066B6E4 /* ui_data.json */,
				5881137926E75EDF0066B6E4 /* giftpacks_data.json */,
				5881137A26E75EDF0066B6E4 /* mapview_data.json */,
				5881137B26E75EDF0066B6E4 /* vip_data.json */,
				5881137C26E75EDF0066B6E4 /* wings_data_ex.json */,
				5881137D26E75EDF0066B6E4 /* item_data_ex.json */,
				5881137E26E75EDF0066B6E4 /* equiptips_data.json */,
				5881137F26E75EDF0066B6E4 /* global_config.json */,
				5881138026E75EDF0066B6E4 /* robot.json */,
				5881138126E75EDF0066B6E4 /* level_data.json */,
				5881138226E75EDF0066B6E4 /* guide_data.json */,
				5881138326E75EDF0066B6E4 /* guaji_data.json */,
				5881138426E75EDF0066B6E4 /* giftpackschoose_data.json */,
				5881138526E75EDF0066B6E4 /* preview_eff_data.json */,
				5881138626E75EDF0066B6E4 /* top_attr_data.json */,
				5881138726E75EDF0066B6E4 /* zhanling_data.json */,
				5881138826E75EDF0066B6E4 /* tips_data.json */,
				5881138926E75EDF0066B6E4 /* czlc_data.json */,
				5881138A26E75EDF0066B6E4 /* raveparty_data.json */,
				5881138B26E75EDF0066B6E4 /* exercise_data.json */,
				5881138C26E75EDF0066B6E4 /* redpoint_data.json */,
				5881138D26E75EDF0066B6E4 /* sell_data.json */,
				5881138E26E75EDF0066B6E4 /* tejieshendian_data.json */,
				5881138F26E75EDF0066B6E4 /* language_data.json */,
				5881139026E75EDF0066B6E4 /* quest_data.json */,
				5881139126E75EDF0066B6E4 /* rewardex_data.json */,
				5881139226E75EDF0066B6E4 /* recycle_set_data.json */,
				5881139326E75EDF0066B6E4 /* samsara_data.json */,
				5881139426E75EDF0066B6E4 /* wakuang_data.json */,
				5881139526E75EDF0066B6E4 /* skill_data.json */,
				5881139626E75EDF0066B6E4 /* holiday_data.json */,
				5881139726E75EDF0066B6E4 /* skill_rune_data.json */,
				5881139826E75EDF0066B6E4 /* openfunc_data.json */,
				5881139926E75EDF0066B6E4 /* special_ring_data.json */,
				5881139A26E75EDF0066B6E4 /* systeminfo.json */,
				5881139B26E75EDF0066B6E4 /* achievement_data.json */,
				5881139C26E75EDF0066B6E4 /* yuansushendian_data.json */,
				5881139D26E75EDF0066B6E4 /* bable_data.json */,
				5881139E26E75EDF0066B6E4 /* privilege_data.json */,
				5881139F26E75EDF0066B6E4 /* offline_rwd_data.json */,
				588113A026E75EDF0066B6E4 /* skill_player.json */,
				588113A126E75EDF0066B6E4 /* help_data.json */,
				588113A226E75EDF0066B6E4 /* quest_data_ex.json */,
				588113A326E75EDF0066B6E4 /* name_data.json */,
				588113A426E75EDF0066B6E4 /* monster_data.json */,
				588113A526E75EDF0066B6E4 /* ftchongzhi_data.json */,
				588113A626E75EDF0066B6E4 /* xszg_data.json */,
				588113A726E75EDF0066B6E4 /* chengzhang_data.json */,
				588113A826E75EDF0066B6E4 /* guild_data.json */,
				588113A926E75EDF0066B6E4 /* tyqb_data.json */,
			);
			path = data;
			sourceTree = "<group>";
		};
		5882CAD026DBC0A70055B00B = {
			isa = PBXGroup;
			children = (
				5882CADB26DBC0A70055B00B /* gridhero_wiki */,
				5882CADA26DBC0A70055B00B /* Products */,
			);
			sourceTree = "<group>";
		};
		5882CADA26DBC0A70055B00B /* Products */ = {
			isa = PBXGroup;
			children = (
				5882CAD926DBC0A70055B00B /* gridhero_wiki.app */,
			);
			name = Products;
			sourceTree = "<group>";
		};
		5882CADB26DBC0A70055B00B /* gridhero_wiki */ = {
			isa = PBXGroup;
			children = (
				5882D4B726DBCB610055B00B /* Item */,
				5882D4B626DBCB5A0055B00B /* Boss */,
				5882CAF226DBC3CD0055B00B /* Models */,
				5882CAEB26DBC0B60055B00B /* Source Files */,
				5882CADC26DBC0A70055B00B /* gridhero_wikiApp.swift */,
				5882CADE26DBC0A70055B00B /* ContentView.swift */,
				5882CAE026DBC0AB0055B00B /* Assets.xcassets */,
				5882CAE526DBC0AB0055B00B /* Info.plist */,
				5882CAE226DBC0AB0055B00B /* Preview Content */,
				5882D4BA26DBCD4A0055B00B /* SearchBar.swift */,
			);
			path = gridhero_wiki;
			sourceTree = "<group>";
		};
		5882CAE226DBC0AB0055B00B /* Preview Content */ = {
			isa = PBXGroup;
			children = (
				5882CAE326DBC0AB0055B00B /* Preview Assets.xcassets */,
			);
			path = "Preview Content";
			sourceTree = "<group>";
		};
		5882CAEB26DBC0B60055B00B /* Source Files */ = {
			isa = PBXGroup;
			children = (
				5881134F26E75EDF0066B6E4 /* data */,
			);
			path = "Source Files";
			sourceTree = "<group>";
		};
		5882CAF226DBC3CD0055B00B /* Models */ = {
			isa = PBXGroup;
			children = (
				5882D4BE26DBCFF90055B00B /* MonsterDetailViewModel.swift */,
				5882CAF326DBC3DE0055B00B /* MonsterListViewModel.swift */,
				5882CAF526DBC4CE0055B00B /* Monster.swift */,
				5882CAF726DBC53F0055B00B /* Global.swift */,
				5882CAF926DBC5590055B00B /* Loot.swift */,
				585A23DE26DD7F1500DEE233 /* Item.swift */,
			);
			path = Models;
			sourceTree = "<group>";
		};
		5882D4B626DBCB5A0055B00B /* Boss */ = {
			isa = PBXGroup;
			children = (
				5882CAEE26DBC1B30055B00B /* BossList.swift */,
				5882D4B826DBCB710055B00B /* MonsterRow.swift */,
				585A23DA26DD740400DEE233 /* BossRow.swift */,
				5882D4BC26DBCF350055B00B /* MonsterDetail.swift */,
				5882D4C126DBD69F0055B00B /* LootRow.swift */,
				585A23D826DD6C5300DEE233 /* MonsterList.swift */,
				585A23DC26DD7E6700DEE233 /* ItemsList.swift */,
			);
			path = Boss;
			sourceTree = "<group>";
		};
		5882D4B726DBCB610055B00B /* Item */ = {
			isa = PBXGroup;
			children = (
				5882CAF026DBC2A70055B00B /* ItemList.swift */,
			);
			path = Item;
			sourceTree = "<group>";
		};
/* End PBXGroup section */

/* Begin PBXNativeTarget section */
		5882CAD826DBC0A70055B00B /* gridhero_wiki */ = {
			isa = PBXNativeTarget;
			buildConfigurationList = 5882CAE826DBC0AB0055B00B /* Build configuration list for PBXNativeTarget "gridhero_wiki" */;
			buildPhases = (
				5882CAD526DBC0A70055B00B /* Sources */,
				5882CAD626DBC0A70055B00B /* Frameworks */,
				5882CAD726DBC0A70055B00B /* Resources */,
			);
			buildRules = (
			);
			dependencies = (
			);
			name = gridhero_wiki;
			productName = gridhero_wiki;
			productReference = 5882CAD926DBC0A70055B00B /* gridhero_wiki.app */;
			productType = "com.apple.product-type.application";
		};
/* End PBXNativeTarget section */

/* Begin PBXProject section */
		5882CAD126DBC0A70055B00B /* Project object */ = {
			isa = PBXProject;
			attributes = {
				LastSwiftUpdateCheck = 1250;
				LastUpgradeCheck = 1250;
				ORGANIZATIONNAME = bjurner;
				TargetAttributes = {
					5882CAD826DBC0A70055B00B = {
						CreatedOnToolsVersion = 12.5.1;
					};
				};
			};
			buildConfigurationList = 5882CAD426DBC0A70055B00B /* Build configuration list for PBXProject "gridhero_wiki" */;
			compatibilityVersion = "Xcode 9.3";
			developmentRegion = en;
			hasScannedForEncodings = 0;
			knownRegions = (
				en,
				Base,
			);
			mainGroup = 5882CAD026DBC0A70055B00B;
			productRefGroup = 5882CADA26DBC0A70055B00B /* Products */;
			projectDirPath = "";
			projectRoot = "";
			targets = (
				5882CAD826DBC0A70055B00B /* gridhero_wiki */,
			);
		};
/* End PBXProject section */

/* Begin PBXResourcesBuildPhase section */
		5882CAD726DBC0A70055B00B /* Resources */ = {
			isa = PBXResourcesBuildPhase;
			buildActionMask = 2147483647;
			files = (
				588113CA26E75EDF0066B6E4 /* wings_data.json in Resources */,
				588113C626E75EDF0066B6E4 /* suits_data.json in Resources */,
				588113C726E75EDF0066B6E4 /* remains_data.json in Resources */,
				588113B926E75EDF0066B6E4 /* force_guide_data.json in Resources */,
				588113BC26E75EDF0066B6E4 /* loot_data.json in Resources */,
				588113E426E75EDF0066B6E4 /* raveparty_data.json in Resources */,
				588113AB26E75EDF0066B6E4 /* zqlb_data.json in Resources */,
				588113FE26E75EDF0066B6E4 /* monster_data.json in Resources */,
				588113F626E75EDF0066B6E4 /* yuansushendian_data.json in Resources */,
				588113F326E75EDF0066B6E4 /* special_ring_data.json in Resources */,
				588113BD26E75EDF0066B6E4 /* wanfa_data.json in Resources */,
				588113ED26E75EDF0066B6E4 /* samsara_data.json in Resources */,
				5881140226E75EDF0066B6E4 /* guild_data.json in Resources */,
				5881140126E75EDF0066B6E4 /* chengzhang_data.json in Resources */,
				588113D426E75EDF0066B6E4 /* mapview_data.json in Resources */,
				588113E526E75EDF0066B6E4 /* exercise_data.json in Resources */,
				588113E126E75EDF0066B6E4 /* zhanling_data.json in Resources */,
				588113DD26E75EDF0066B6E4 /* guaji_data.json in Resources */,
				5882CAE426DBC0AB0055B00B /* Preview Assets.xcassets in Resources */,
				588113B626E75EDF0066B6E4 /* monstermap_data.json in Resources */,
				588113D026E75EDF0066B6E4 /* shops_data.json in Resources */,
				588113B526E75EDF0066B6E4 /* jieridrop_data.json in Resources */,
				588113D626E75EDF0066B6E4 /* wings_data_ex.json in Resources */,
				588113D726E75EDF0066B6E4 /* item_data_ex.json in Resources */,
				588113B726E75EDF0066B6E4 /* alleqp_eff_data.json in Resources */,
				588113F726E75EDF0066B6E4 /* bable_data.json in Resources */,
				588113F026E75EDF0066B6E4 /* holiday_data.json in Resources */,
				588113FF26E75EDF0066B6E4 /* ftchongzhi_data.json in Resources */,
				588113F126E75EDF0066B6E4 /* skill_rune_data.json in Resources */,
				588113D526E75EDF0066B6E4 /* vip_data.json in Resources */,
				588113DE26E75EDF0066B6E4 /* giftpackschoose_data.json in Resources */,
				588113E926E75EDF0066B6E4 /* language_data.json in Resources */,
				588113D326E75EDF0066B6E4 /* giftpacks_data.json in Resources */,
				588113BF26E75EDF0066B6E4 /* gnhd_data.json in Resources */,
				588113B126E75EDF0066B6E4 /* huoyue_data.json in Resources */,
				588113EB26E75EDF0066B6E4 /* rewardex_data.json in Resources */,
				588113B426E75EDF0066B6E4 /* bestronger_data.json in Resources */,
				588113E826E75EDF0066B6E4 /* tejieshendian_data.json in Resources */,
				588113D926E75EDF0066B6E4 /* global_config.json in Resources */,
				5881140326E75EDF0066B6E4 /* tyqb_data.json in Resources */,
				588113F426E75EDF0066B6E4 /* systeminfo.json in Resources */,
				588113EC26E75EDF0066B6E4 /* recycle_set_data.json in Resources */,
				5881140026E75EDF0066B6E4 /* xszg_data.json in Resources */,
				588113C526E75EDF0066B6E4 /* hefu_data.json in Resources */,
				588113D226E75EDF0066B6E4 /* ui_data.json in Resources */,
				588113F526E75EDF0066B6E4 /* achievement_data.json in Resources */,
				588113BB26E75EDF0066B6E4 /* maps_data.json in Resources */,
				588113BE26E75EDF0066B6E4 /* mrboss_data.json in Resources */,
				588113BA26E75EDF0066B6E4 /* activitygift_data.json in Resources */,
				588113E726E75EDF0066B6E4 /* sell_data.json in Resources */,
				588113CF26E75EDF0066B6E4 /* zhanshen_data.json in Resources */,
				588113C326E75EDF0066B6E4 /* lhd_data.json in Resources */,
				588113AF26E75EDF0066B6E4 /* headtitile_data.json in Resources */,
				588113E226E75EDF0066B6E4 /* tips_data.json in Resources */,
				588113EA26E75EDF0066B6E4 /* quest_data.json in Resources */,
				588113C426E75EDF0066B6E4 /* frame_data.json in Resources */,
				588113CC26E75EDF0066B6E4 /* event_data.json in Resources */,
				588113E326E75EDF0066B6E4 /* czlc_data.json in Resources */,
				588113FB26E75EDF0066B6E4 /* help_data.json in Resources */,
				588113B226E75EDF0066B6E4 /* czlj_data.json in Resources */,
				588113F826E75EDF0066B6E4 /* privilege_data.json in Resources */,
				588113DB26E75EDF0066B6E4 /* level_data.json in Resources */,
				588113C926E75EDF0066B6E4 /* offline_exp_data.json in Resources */,
				588113C226E75EDF0066B6E4 /* slgg_data.json in Resources */,
				588113AC26E75EDF0066B6E4 /* unfindmap.json in Resources */,
				588113B326E75EDF0066B6E4 /* xilian_data.json in Resources */,
				588113AE26E75EDF0066B6E4 /* gene_data.json in Resources */,
				5882CAE126DBC0AB0055B00B /* Assets.xcassets in Resources */,
				588113C826E75EDF0066B6E4 /* vipreturn_data.json in Resources */,
				588113C126E75EDF0066B6E4 /* dog_data.json in Resources */,
				588113DA26E75EDF0066B6E4 /* robot.json in Resources */,
				588113D826E75EDF0066B6E4 /* equiptips_data.json in Resources */,
				588113CE26E75EDF0066B6E4 /* item_data.json in Resources */,
				588113EE26E75EDF0066B6E4 /* wakuang_data.json in Resources */,
				588113F226E75EDF0066B6E4 /* openfunc_data.json in Resources */,
				588113E626E75EDF0066B6E4 /* redpoint_data.json in Resources */,
				588113FD26E75EDF0066B6E4 /* name_data.json in Resources */,
				588113FA26E75EDF0066B6E4 /* skill_player.json in Resources */,
				588113B026E75EDF0066B6E4 /* equipforge_data.json in Resources */,
				588113AD26E75EDF0066B6E4 /* shenlu_data.json in Resources */,
				588113F926E75EDF0066B6E4 /* offline_rwd_data.json in Resources */,
				588113DF26E75EDF0066B6E4 /* preview_eff_data.json in Resources */,
				588113EF26E75EDF0066B6E4 /* skill_data.json in Resources */,
				588113CB26E75EDF0066B6E4 /* attribute_data.json in Resources */,
				588113E026E75EDF0066B6E4 /* top_attr_data.json in Resources */,
				588113D126E75EDF0066B6E4 /* item_attr_add_data.json in Resources */,
				588113B826E75EDF0066B6E4 /* npc_data.json in Resources */,
				588113AA26E75EDF0066B6E4 /* huanjing_data.json in Resources */,
				588113FC26E75EDF0066B6E4 /* quest_data_ex.json in Resources */,
				588113DC26E75EDF0066B6E4 /* guide_data.json in Resources */,
				588113C026E75EDF0066B6E4 /* role_data.json in Resources */,
				588113CD26E75EDF0066B6E4 /* bossScore_data.json in Resources */,
			);
			runOnlyForDeploymentPostprocessing = 0;
		};
/* End PBXResourcesBuildPhase section */

/* Begin PBXSourcesBuildPhase section */
		5882CAD526DBC0A70055B00B /* Sources */ = {
			isa = PBXSourcesBuildPhase;
			buildActionMask = 2147483647;
			files = (
				585A23D926DD6C5300DEE233 /* MonsterList.swift in Sources */,
				5882D4B926DBCB710055B00B /* MonsterRow.swift in Sources */,
				585A23DF26DD7F1500DEE233 /* Item.swift in Sources */,
				5882CAF126DBC2A70055B00B /* ItemList.swift in Sources */,
				5882CAF426DBC3DE0055B00B /* MonsterListViewModel.swift in Sources */,
				5882CADF26DBC0A70055B00B /* ContentView.swift in Sources */,
				5882CAFA26DBC5590055B00B /* Loot.swift in Sources */,
				5882CAEF26DBC1B30055B00B /* BossList.swift in Sources */,
				5882D4C226DBD69F0055B00B /* LootRow.swift in Sources */,
				585A23DD26DD7E6700DEE233 /* ItemsList.swift in Sources */,
				5882D4BD26DBCF350055B00B /* MonsterDetail.swift in Sources */,
				5882CAF626DBC4CE0055B00B /* Monster.swift in Sources */,
				5882D4BF26DBCFF90055B00B /* MonsterDetailViewModel.swift in Sources */,
				5882D4BB26DBCD4A0055B00B /* SearchBar.swift in Sources */,
				585A23DB26DD740400DEE233 /* BossRow.swift in Sources */,
				5882CADD26DBC0A70055B00B /* gridhero_wikiApp.swift in Sources */,
				5882CAF826DBC53F0055B00B /* Global.swift in Sources */,
			);
			runOnlyForDeploymentPostprocessing = 0;
		};
/* End PBXSourcesBuildPhase section */

/* Begin XCBuildConfiguration section */
		5882CAE626DBC0AB0055B00B /* Debug */ = {
			isa = XCBuildConfiguration;
			buildSettings = {
				ALWAYS_SEARCH_USER_PATHS = NO;
				CLANG_ANALYZER_NONNULL = YES;
				CLANG_ANALYZER_NUMBER_OBJECT_CONVERSION = YES_AGGRESSIVE;
				CLANG_CXX_LANGUAGE_STANDARD = "gnu++14";
				CLANG_CXX_LIBRARY = "libc++";
				CLANG_ENABLE_MODULES = YES;
				CLANG_ENABLE_OBJC_ARC = YES;
				CLANG_ENABLE_OBJC_WEAK = YES;
				CLANG_WARN_BLOCK_CAPTURE_AUTORELEASING = YES;
				CLANG_WARN_BOOL_CONVERSION = YES;
				CLANG_WARN_COMMA = YES;
				CLANG_WARN_CONSTANT_CONVERSION = YES;
				CLANG_WARN_DEPRECATED_OBJC_IMPLEMENTATIONS = YES;
				CLANG_WARN_DIRECT_OBJC_ISA_USAGE = YES_ERROR;
				CLANG_WARN_DOCUMENTATION_COMMENTS = YES;
				CLANG_WARN_EMPTY_BODY = YES;
				CLANG_WARN_ENUM_CONVERSION = YES;
				CLANG_WARN_INFINITE_RECURSION = YES;
				CLANG_WARN_INT_CONVERSION = YES;
				CLANG_WARN_NON_LITERAL_NULL_CONVERSION = YES;
				CLANG_WARN_OBJC_IMPLICIT_RETAIN_SELF = YES;
				CLANG_WARN_OBJC_LITERAL_CONVERSION = YES;
				CLANG_WARN_OBJC_ROOT_CLASS = YES_ERROR;
				CLANG_WARN_QUOTED_INCLUDE_IN_FRAMEWORK_HEADER = YES;
				CLANG_WARN_RANGE_LOOP_ANALYSIS = YES;
				CLANG_WARN_STRICT_PROTOTYPES = YES;
				CLANG_WARN_SUSPICIOUS_MOVE = YES;
				CLANG_WARN_UNGUARDED_AVAILABILITY = YES_AGGRESSIVE;
				CLANG_WARN_UNREACHABLE_CODE = YES;
				CLANG_WARN__DUPLICATE_METHOD_MATCH = YES;
				COPY_PHASE_STRIP = NO;
				DEBUG_INFORMATION_FORMAT = dwarf;
				ENABLE_STRICT_OBJC_MSGSEND = YES;
				ENABLE_TESTABILITY = YES;
				GCC_C_LANGUAGE_STANDARD = gnu11;
				GCC_DYNAMIC_NO_PIC = NO;
				GCC_NO_COMMON_BLOCKS = YES;
				GCC_OPTIMIZATION_LEVEL = 0;
				GCC_PREPROCESSOR_DEFINITIONS = (
					"DEBUG=1",
					"$(inherited)",
				);
				GCC_WARN_64_TO_32_BIT_CONVERSION = YES;
				GCC_WARN_ABOUT_RETURN_TYPE = YES_ERROR;
				GCC_WARN_UNDECLARED_SELECTOR = YES;
				GCC_WARN_UNINITIALIZED_AUTOS = YES_AGGRESSIVE;
				GCC_WARN_UNUSED_FUNCTION = YES;
				GCC_WARN_UNUSED_VARIABLE = YES;
				IPHONEOS_DEPLOYMENT_TARGET = 14.5;
				MTL_ENABLE_DEBUG_INFO = INCLUDE_SOURCE;
				MTL_FAST_MATH = YES;
				ONLY_ACTIVE_ARCH = YES;
				SDKROOT = iphoneos;
				SWIFT_ACTIVE_COMPILATION_CONDITIONS = DEBUG;
				SWIFT_OPTIMIZATION_LEVEL = "-Onone";
			};
			name = Debug;
		};
		5882CAE726DBC0AB0055B00B /* Release */ = {
			isa = XCBuildConfiguration;
			buildSettings = {
				ALWAYS_SEARCH_USER_PATHS = NO;
				CLANG_ANALYZER_NONNULL = YES;
				CLANG_ANALYZER_NUMBER_OBJECT_CONVERSION = YES_AGGRESSIVE;
				CLANG_CXX_LANGUAGE_STANDARD = "gnu++14";
				CLANG_CXX_LIBRARY = "libc++";
				CLANG_ENABLE_MODULES = YES;
				CLANG_ENABLE_OBJC_ARC = YES;
				CLANG_ENABLE_OBJC_WEAK = YES;
				CLANG_WARN_BLOCK_CAPTURE_AUTORELEASING = YES;
				CLANG_WARN_BOOL_CONVERSION = YES;
				CLANG_WARN_COMMA = YES;
				CLANG_WARN_CONSTANT_CONVERSION = YES;
				CLANG_WARN_DEPRECATED_OBJC_IMPLEMENTATIONS = YES;
				CLANG_WARN_DIRECT_OBJC_ISA_USAGE = YES_ERROR;
				CLANG_WARN_DOCUMENTATION_COMMENTS = YES;
				CLANG_WARN_EMPTY_BODY = YES;
				CLANG_WARN_ENUM_CONVERSION = YES;
				CLANG_WARN_INFINITE_RECURSION = YES;
				CLANG_WARN_INT_CONVERSION = YES;
				CLANG_WARN_NON_LITERAL_NULL_CONVERSION = YES;
				CLANG_WARN_OBJC_IMPLICIT_RETAIN_SELF = YES;
				CLANG_WARN_OBJC_LITERAL_CONVERSION = YES;
				CLANG_WARN_OBJC_ROOT_CLASS = YES_ERROR;
				CLANG_WARN_QUOTED_INCLUDE_IN_FRAMEWORK_HEADER = YES;
				CLANG_WARN_RANGE_LOOP_ANALYSIS = YES;
				CLANG_WARN_STRICT_PROTOTYPES = YES;
				CLANG_WARN_SUSPICIOUS_MOVE = YES;
				CLANG_WARN_UNGUARDED_AVAILABILITY = YES_AGGRESSIVE;
				CLANG_WARN_UNREACHABLE_CODE = YES;
				CLANG_WARN__DUPLICATE_METHOD_MATCH = YES;
				COPY_PHASE_STRIP = NO;
				DEBUG_INFORMATION_FORMAT = "dwarf-with-dsym";
				ENABLE_NS_ASSERTIONS = NO;
				ENABLE_STRICT_OBJC_MSGSEND = YES;
				GCC_C_LANGUAGE_STANDARD = gnu11;
				GCC_NO_COMMON_BLOCKS = YES;
				GCC_WARN_64_TO_32_BIT_CONVERSION = YES;
				GCC_WARN_ABOUT_RETURN_TYPE = YES_ERROR;
				GCC_WARN_UNDECLARED_SELECTOR = YES;
				GCC_WARN_UNINITIALIZED_AUTOS = YES_AGGRESSIVE;
				GCC_WARN_UNUSED_FUNCTION = YES;
				GCC_WARN_UNUSED_VARIABLE = YES;
				IPHONEOS_DEPLOYMENT_TARGET = 14.5;
				MTL_ENABLE_DEBUG_INFO = NO;
				MTL_FAST_MATH = YES;
				SDKROOT = iphoneos;
				SWIFT_COMPILATION_MODE = wholemodule;
				SWIFT_OPTIMIZATION_LEVEL = "-O";
				VALIDATE_PRODUCT = YES;
			};
			name = Release;
		};
		5882CAE926DBC0AB0055B00B /* Debug */ = {
			isa = XCBuildConfiguration;
			buildSettings = {
				ASSETCATALOG_COMPILER_APPICON_NAME = AppIcon;
				ASSETCATALOG_COMPILER_GLOBAL_ACCENT_COLOR_NAME = AccentColor;
				CODE_SIGN_STYLE = Automatic;
				DEVELOPMENT_ASSET_PATHS = "\"gridhero_wiki/Preview Content\"";
				ENABLE_PREVIEWS = YES;
				INFOPLIST_FILE = gridhero_wiki/Info.plist;
				IPHONEOS_DEPLOYMENT_TARGET = 14.0;
				LD_RUNPATH_SEARCH_PATHS = (
					"$(inherited)",
					"@executable_path/Frameworks",
				);
				PRODUCT_BUNDLE_IDENTIFIER = "de.bjurner.gridhero-wiki";
				PRODUCT_NAME = "$(TARGET_NAME)";
				SWIFT_VERSION = 5.0;
				TARGETED_DEVICE_FAMILY = "1,2";
			};
			name = Debug;
		};
		5882CAEA26DBC0AB0055B00B /* Release */ = {
			isa = XCBuildConfiguration;
			buildSettings = {
				ASSETCATALOG_COMPILER_APPICON_NAME = AppIcon;
				ASSETCATALOG_COMPILER_GLOBAL_ACCENT_COLOR_NAME = AccentColor;
				CODE_SIGN_STYLE = Automatic;
				DEVELOPMENT_ASSET_PATHS = "\"gridhero_wiki/Preview Content\"";
				ENABLE_PREVIEWS = YES;
				INFOPLIST_FILE = gridhero_wiki/Info.plist;
				IPHONEOS_DEPLOYMENT_TARGET = 14.0;
				LD_RUNPATH_SEARCH_PATHS = (
					"$(inherited)",
					"@executable_path/Frameworks",
				);
				PRODUCT_BUNDLE_IDENTIFIER = "de.bjurner.gridhero-wiki";
				PRODUCT_NAME = "$(TARGET_NAME)";
				SWIFT_VERSION = 5.0;
				TARGETED_DEVICE_FAMILY = "1,2";
			};
			name = Release;
		};
/* End XCBuildConfiguration section */

/* Begin XCConfigurationList section */
		5882CAD426DBC0A70055B00B /* Build configuration list for PBXProject "gridhero_wiki" */ = {
			isa = XCConfigurationList;
			buildConfigurations = (
				5882CAE626DBC0AB0055B00B /* Debug */,
				5882CAE726DBC0AB0055B00B /* Release */,
			);
			defaultConfigurationIsVisible = 0;
			defaultConfigurationName = Release;
		};
		5882CAE826DBC0AB0055B00B /* Build configuration list for PBXNativeTarget "gridhero_wiki" */ = {
			isa = XCConfigurationList;
			buildConfigurations = (
				5882CAE926DBC0AB0055B00B /* Debug */,
				5882CAEA26DBC0AB0055B00B /* Release */,
			);
			defaultConfigurationIsVisible = 0;
			defaultConfigurationName = Release;
		};
/* End XCConfigurationList section */
	};
	rootObject = 5882CAD126DBC0A70055B00B /* Project object */;
}
